
Microsoft Visual Studio Solution File, Format Version 12.00
# Visual Studio Version 16
VisualStudioVersion = 16.0.30907.101
MinimumVisualStudioVersion = 10.0.40219.1
Project("{9A19103F-16F7-4668-BE54-9A1E7A4F7556}") = "GameCorpV3", "GameCorpV3\GameCorpV3.csproj", "{91E917A5-632F-4373-B1E3-A3E06B9D0070}"
EndProject
Global
	GlobalSection(SolutionConfigurationPlatforms) = preSolution
		Debug|Any CPU = Debug|Any CPU
		Release|Any CPU = Release|Any CPU
	EndGlobalSection
	GlobalSection(ProjectConfigurationPlatforms) = postSolution
		{91E917A5-632F-4373-B1E3-A3E06B9D0070}.Debug|Any CPU.ActiveCfg = Debug|Any CPU
		{91E917A5-632F-4373-B1E3-A3E06B9D0070}.Debug|Any CPU.Build.0 = Debug|Any CPU
		{91E917A5-632F-4373-B1E3-A3E06B9D0070}.Release|Any CPU.ActiveCfg = Release|Any CPU
		{91E917A5-632F-4373-B1E3-A3E06B9D0070}.Release|Any CPU.Build.0 = Release|Any CPU
	EndGlobalSection
	GlobalSection(SolutionProperties) = preSolution
		HideSolutionNode = FALSE
	EndGlobalSection
	GlobalSection(ExtensibilityGlobals) = postSolution
		SolutionGuid = {60A1D667-85BF-4E95-8518-CD4B2F7E3316}
	EndGlobalSection
EndGlobal
